Microsoft Visual Studio Solution File, Format Version 10.00
# Visual Studio 2008
Project("{FAE04EC0-301F-11D3-BF4B-00C04F79EFBC}") = "GVFixedRows", "GridViewFixedRows\GVFixedRows.csproj", "{6AE61616-4BAA-4422-A441-E0EEA6C98825}"
EndProject
Global
	GlobalSection(SolutionConfigurationPlatforms) = preSolution
		Debug|Any CPU = Debug|Any CPU
		Release|Any CPU = Release|Any CPU
	EndGlobalSection
	GlobalSection(ProjectConfigurationPlatforms) = postSolution
		{6AE61616-4BAA-4422-A441-E0EEA6C98825}.Debug|Any CPU.ActiveCfg = Debug|Any CPU
		{6AE61616-4BAA-4422-A441-E0EEA6C98825}.Debug|Any CPU.Build.0 = Debug|Any CPU
		{6AE61616-4BAA-4422-A441-E0EEA6C98825}.Release|Any CPU.ActiveCfg = Release|Any CPU
		{6AE61616-4BAA-4422-A441-E0EEA6C98825}.Release|Any CPU.Build.0 = Release|Any CPU
	EndGlobalSection
	GlobalSection(SolutionProperties) = preSolution
		HideSolutionNode = FALSE
	EndGlobalSection
EndGlobal
